// !$*UTF8*$!
{
	archiveVersion = 1;
	classes = {
	};
	objectVersion = 50;
	objects = {

/* Begin PBXBuildFile section */
		0AEB35BB7AC7757EF0EAECB8 /* Pods_apppresentUITests.framework in Frameworks */ = {isa = PBXBuildFile; fileRef = 3F442F1BEDD82010219D648C /* Pods_apppresentUITests.framework */; };
		2666C6C02238F3BB0072964A /* GiftController.swift in Sources */ = {isa = PBXBuildFile; fileRef = 2666C6BF2238F3BB0072964A /* GiftController.swift */; };
		2666C6C42238F3F00072964A /* knStaticListController.swift in Sources */ = {isa = PBXBuildFile; fileRef = 2666C6C12238F3F00072964A /* knStaticListController.swift */; };
		2666C6C62238F3F00072964A /* Extension.swift in Sources */ = {isa = PBXBuildFile; fileRef = 2666C6C32238F3F00072964A /* Extension.swift */; };
		2666C6C82238F40C0072964A /* CategoryView.swift in Sources */ = {isa = PBXBuildFile; fileRef = 2666C6C72238F40B0072964A /* CategoryView.swift */; };
		2666C6CA2238F4A50072964A /* RewardView.swift in Sources */ = {isa = PBXBuildFile; fileRef = 2666C6C92238F4A50072964A /* RewardView.swift */; };
		26C42F6D222D35EC006C5165 /* UIViewExtension.swift in Sources */ = {isa = PBXBuildFile; fileRef = 26C42F6C222D35EC006C5165 /* UIViewExtension.swift */; };
		26C42F6F222D36BD006C5165 /* Colors.swift in Sources */ = {isa = PBXBuildFile; fileRef = 26C42F6E222D36BD006C5165 /* Colors.swift */; };
		26C42F71222D36EA006C5165 /* UIColorExtension.swift in Sources */ = {isa = PBXBuildFile; fileRef = 26C42F70222D36EA006C5165 /* UIColorExtension.swift */; };
		26C42F73222D379D006C5165 /* UITextFieldExtension.swift in Sources */ = {isa = PBXBuildFile; fileRef = 26C42F72222D379C006C5165 /* UITextFieldExtension.swift */; };
		26C42F85222E501A006C5165 /* knUIMaker.swift in Sources */ = {isa = PBXBuildFile; fileRef = 26C42F84222E501A006C5165 /* knUIMaker.swift */; };
		26C42F8A222E5BDE006C5165 /* ProfileHeader.swift in Sources */ = {isa = PBXBuildFile; fileRef = 26C42F88222E5BDE006C5165 /* ProfileHeader.swift */; };
		26C42F8B222E5BDE006C5165 /* ProfileHeader.xib in Resources */ = {isa = PBXBuildFile; fileRef = 26C42F89222E5BDE006C5165 /* ProfileHeader.xib */; };
		5210CC0021DE192600EE0A79 /* FeedViewController.swift in Sources */ = {isa = PBXBuildFile; fileRef = 5210CBFF21DE192600EE0A79 /* FeedViewController.swift */; };
		522F1DF721DC05730076FC88 /* ProfilePageViewController.swift in Sources */ = {isa = PBXBuildFile; fileRef = 522F1DF621DC05730076FC88 /* ProfilePageViewController.swift */; };
		52339EAC2204C35800059075 /* UserData.swift in Sources */ = {isa = PBXBuildFile; fileRef = 52339EAB2204C35800059075 /* UserData.swift */; };
		52339EAE2206025000059075 /* SearchTableViewCell.swift in Sources */ = {isa = PBXBuildFile; fileRef = 52339EAD2206025000059075 /* SearchTableViewCell.swift */; };
		523F617621EFBF58008D8F41 /* Database.swift in Sources */ = {isa = PBXBuildFile; fileRef = 523F617521EFBF58008D8F41 /* Database.swift */; };
		523F617821EFC413008D8F41 /* UIImageExtension.swift in Sources */ = {isa = PBXBuildFile; fileRef = 523F617721EFC413008D8F41 /* UIImageExtension.swift */; };
		5241CD6A21FF7C6700524276 /* GoogleService-Info.plist in Resources */ = {isa = PBXBuildFile; fileRef = 5241CD6921FF7C6700524276 /* GoogleService-Info.plist */; };
		5241CD6F21FF7D2600524276 /* Info copy.plist in Resources */ = {isa = PBXBuildFile; fileRef = 5241CD6E21FF7D2600524276 /* Info copy.plist */; };
		5241DC2C222C82E700103C7F /* PlaceGiftCell.swift in Sources */ = {isa = PBXBuildFile; fileRef = 5241DC2B222C82E700103C7F /* PlaceGiftCell.swift */; };
		5241DC32222C840900103C7F /* GiftData.swift in Sources */ = {isa = PBXBuildFile; fileRef = 5241DC31222C840900103C7F /* GiftData.swift */; };
		5241DC40222FEE3800103C7F /* ReferralPopup.swift in Sources */ = {isa = PBXBuildFile; fileRef = 5241DC3F222FEE3800103C7F /* ReferralPopup.swift */; };
		5241DC42222FEFB500103C7F /* KnPopup.swift in Sources */ = {isa = PBXBuildFile; fileRef = 5241DC41222FEFB500103C7F /* KnPopup.swift */; };
		5241DC46222FF08100103C7F /* Extensions.swift in Sources */ = {isa = PBXBuildFile; fileRef = 5241DC45222FF08000103C7F /* Extensions.swift */; };
		5241DC48222FF08300103C7F /* UIMaker.swift in Sources */ = {isa = PBXBuildFile; fileRef = 5241DC47222FF08300103C7F /* UIMaker.swift */; };
		5241DC4A222FF08600103C7F /* knConstraints.swift in Sources */ = {isa = PBXBuildFile; fileRef = 5241DC49222FF08500103C7F /* knConstraints.swift */; };
		524A4DE822497AE60055F7E6 /* PoolData.swift in Sources */ = {isa = PBXBuildFile; fileRef = 524A4DE722497AE60055F7E6 /* PoolData.swift */; };
		5250B6AD22403347009C0CB3 /* GiftManager.swift in Sources */ = {isa = PBXBuildFile; fileRef = 5250B6AC22403347009C0CB3 /* GiftManager.swift */; };
		5250B6B32241734C009C0CB3 /* GiftSpecificCollectionViewCell.swift in Sources */ = {isa = PBXBuildFile; fileRef = 5250B6B22241734C009C0CB3 /* GiftSpecificCollectionViewCell.swift */; };
		525FC41F22346BC90097135C /* Datasource.swift in Sources */ = {isa = PBXBuildFile; fileRef = 525FC41E22346BC90097135C /* Datasource.swift */; };
		52645CD721E79D4A00413DC1 /* GiftViewController.swift in Sources */ = {isa = PBXBuildFile; fileRef = 52645CD621E79D4A00413DC1 /* GiftViewController.swift */; };
		52645CD921E79D7D00413DC1 /* SearchViewController.swift in Sources */ = {isa = PBXBuildFile; fileRef = 52645CD821E79D7D00413DC1 /* SearchViewController.swift */; };
		52645CDB21E79E3900413DC1 /* AppNavigationViewController.swift in Sources */ = {isa = PBXBuildFile; fileRef = 52645CDA21E79E3900413DC1 /* AppNavigationViewController.swift */; };
		52645CDD21E79EAD00413DC1 /* AppTabViewController.swift in Sources */ = {isa = PBXBuildFile; fileRef = 52645CDC21E79EAD00413DC1 /* AppTabViewController.swift */; };
		52645CDF21E7A8B300413DC1 /* Setting.swift in Sources */ = {isa = PBXBuildFile; fileRef = 52645CDE21E7A8B300413DC1 /* Setting.swift */; };
		52645CE121E7B15700413DC1 /* InitialNavViewController.swift in Sources */ = {isa = PBXBuildFile; fileRef = 52645CE021E7B15700413DC1 /* InitialNavViewController.swift */; };
		52713E9221CD2DCB00409294 /* AppDelegate.swift in Sources */ = {isa = PBXBuildFile; fileRef = 52713E9121CD2DCB00409294 /* AppDelegate.swift */; };
		52713E9421CD2DCB00409294 /* LoginViewController.swift in Sources */ = {isa = PBXBuildFile; fileRef = 52713E9321CD2DCB00409294 /* LoginViewController.swift */; };
		52713E9721CD2DCB00409294 /* Main.storyboard in Resources */ = {isa = PBXBuildFile; fileRef = 52713E9521CD2DCB00409294 /* Main.storyboard */; };
		52713E9921CD2DCD00409294 /* Assets.xcassets in Resources */ = {isa = PBXBuildFile; fileRef = 52713E9821CD2DCD00409294 /* Assets.xcassets */; };
		52713E9C21CD2DCD00409294 /* LaunchScreen.storyboard in Resources */ = {isa = PBXBuildFile; fileRef = 52713E9A21CD2DCD00409294 /* LaunchScreen.storyboard */; };
		52713EA721CD2DCD00409294 /* apppresentTests.swift in Sources */ = {isa = PBXBuildFile; fileRef = 52713EA621CD2DCD00409294 /* apppresentTests.swift */; };
		52713EB221CD2DCD00409294 /* apppresentUITests.swift in Sources */ = {isa = PBXBuildFile; fileRef = 52713EB121CD2DCD00409294 /* apppresentUITests.swift */; };
		528117F421E696EA00AD9E4F /* PostDetail.swift in Sources */ = {isa = PBXBuildFile; fileRef = 528117F321E696EA00AD9E4F /* PostDetail.swift */; };
		52864C792246586D008E76B2 /* AddGiftItemViewController.swift in Sources */ = {isa = PBXBuildFile; fileRef = 52864C782246586D008E76B2 /* AddGiftItemViewController.swift */; };
		52864C7B22466530008E76B2 /* ContributionViewController.swift in Sources */ = {isa = PBXBuildFile; fileRef = 52864C7A22466530008E76B2 /* ContributionViewController.swift */; };
		52864C7D22467929008E76B2 /* loading.gif in Resources */ = {isa = PBXBuildFile; fileRef = 52864C7C22467928008E76B2 /* loading.gif */; };
		52864C7F22467981008E76B2 /* UIImageGif.swift in Sources */ = {isa = PBXBuildFile; fileRef = 52864C7E22467981008E76B2 /* UIImageGif.swift */; };
		52A4DB2A21E4C0D7008D1110 /* postHeaderView.swift in Sources */ = {isa = PBXBuildFile; fileRef = 52A4DB2921E4C0D7008D1110 /* postHeaderView.swift */; };
		52A4DB2C21E4CF62008D1110 /* UploadPostViewController.swift in Sources */ = {isa = PBXBuildFile; fileRef = 52A4DB2B21E4CF62008D1110 /* UploadPostViewController.swift */; };
		52C3D1D121ED1BFA00DF7F41 /* login.storyboard in Resources */ = {isa = PBXBuildFile; fileRef = 52C3D1D021ED1BFA00DF7F41 /* login.storyboard */; };
		52C3D1D321ED1C1300DF7F41 /* register.storyboard in Resources */ = {isa = PBXBuildFile; fileRef = 52C3D1D221ED1C1300DF7F41 /* register.storyboard */; };
		52C3D1D521ED1C6300DF7F41 /* home.storyboard in Resources */ = {isa = PBXBuildFile; fileRef = 52C3D1D421ED1C6300DF7F41 /* home.storyboard */; };
		52C3D1D921ED1CBE00DF7F41 /* post.storyboard in Resources */ = {isa = PBXBuildFile; fileRef = 52C3D1D821ED1CBE00DF7F41 /* post.storyboard */; };
		52C3D1DB21ED1CE100DF7F41 /* search.storyboard in Resources */ = {isa = PBXBuildFile; fileRef = 52C3D1DA21ED1CE100DF7F41 /* search.storyboard */; };
		52C3D1DD21ED1D1400DF7F41 /* profile.storyboard in Resources */ = {isa = PBXBuildFile; fileRef = 52C3D1DC21ED1D1400DF7F41 /* profile.storyboard */; };
		52C3D1E521EDFA7700DF7F41 /* gifting.storyboard in Resources */ = {isa = PBXBuildFile; fileRef = 52C3D1E421EDFA7700DF7F41 /* gifting.storyboard */; };
		52C994EC21F63432002DE553 /* PostTableViewCell.swift in Sources */ = {isa = PBXBuildFile; fileRef = 52C994EB21F63432002DE553 /* PostTableViewCell.swift */; };
		52D30CFC21DF9BF8005E3128 /* CollectionViewCell.swift in Sources */ = {isa = PBXBuildFile; fileRef = 52D30CFB21DF9BF8005E3128 /* CollectionViewCell.swift */; };
		52D30CFE21DFA1B8005E3128 /* CustomImageFlowLayout.swift in Sources */ = {isa = PBXBuildFile; fileRef = 52D30CFD21DFA1B8005E3128 /* CustomImageFlowLayout.swift */; };
		52D30D0021DFA912005E3128 /* PostData.swift in Sources */ = {isa = PBXBuildFile; fileRef = 52D30CFF21DFA912005E3128 /* PostData.swift */; };
		52D6D57A22397C2F0038FC74 /* size.storyboard in Resources */ = {isa = PBXBuildFile; fileRef = 52D6D57922397C2F0038FC74 /* size.storyboard */; };
		52D6D57C223989420038FC74 /* GiftPopUpViewController.swift in Sources */ = {isa = PBXBuildFile; fileRef = 52D6D57B223989420038FC74 /* GiftPopUpViewController.swift */; };
		52D893A521CE2D4300FCAA5D /* RegisterDetailVCViewController.swift in Sources */ = {isa = PBXBuildFile; fileRef = 52D893A421CE2D4300FCAA5D /* RegisterDetailVCViewController.swift */; };
		52F1DFF522387904002F7A55 /* Reminder.storyboard in Resources */ = {isa = PBXBuildFile; fileRef = 52F1DFF422387904002F7A55 /* Reminder.storyboard */; };
		52F1DFF72238790C002F7A55 /* ReminderViewController.swift in Sources */ = {isa = PBXBuildFile; fileRef = 52F1DFF62238790C002F7A55 /* ReminderViewController.swift */; };
		52F1DFF922388709002F7A55 /* DateExtension.swift in Sources */ = {isa = PBXBuildFile; fileRef = 52F1DFF822388709002F7A55 /* DateExtension.swift */; };
		52FD920121DCFB110021B3A0 /* BirthdayPostViewController.swift in Sources */ = {isa = PBXBuildFile; fileRef = 52FD920021DCFB110021B3A0 /* BirthdayPostViewController.swift */; };
		52FD920321DD01760021B3A0 /* EditProfileViewController.swift in Sources */ = {isa = PBXBuildFile; fileRef = 52FD920221DD01760021B3A0 /* EditProfileViewController.swift */; };
		8782363CB62BD84C697CCC85 /* Pods_apppresent.framework in Frameworks */ = {isa = PBXBuildFile; fileRef = 1858E937DD2E08AD515173A9 /* Pods_apppresent.framework */; };
		B9BB0CE1BD94F665CB49025D /* Pods_apppresentTests.framework in Frameworks */ = {isa = PBXBuildFile; fileRef = D52B93D6F30ADC06DD18070B /* Pods_apppresentTests.framework */; };
/* End PBXBuildFile section */

/* Begin PBXContainerItemProxy section */
		52713EA321CD2DCD00409294 /* PBXContainerItemProxy */ = {
			isa = PBXContainerItemProxy;
			containerPortal = 52713E8621CD2DCB00409294 /* Project object */;
			proxyType = 1;
			remoteGlobalIDString = 52713E8D21CD2DCB00409294;
			remoteInfo = apppresent;
		};
		52713EAE21CD2DCD00409294 /* PBXContainerItemProxy */ = {
			isa = PBXContainerItemProxy;
			containerPortal = 52713E8621CD2DCB00409294 /* Project object */;
			proxyType = 1;
			remoteGlobalIDString = 52713E8D21CD2DCB00409294;
			remoteInfo = apppresent;
		};
/* End PBXContainerItemProxy section */

/* Begin PBXFileReference section */
		1858E937DD2E08AD515173A9 /* Pods_apppresent.framework */ = {isa = PBXFileReference; explicitFileType = wrapper.framework; includeInIndex = 0; path = Pods_apppresent.framework; sourceTree = BUILT_PRODUCTS_DIR; };
		2666C6BF2238F3BB0072964A /* GiftController.swift */ = {isa = PBXFileReference; lastKnownFileType = sourcecode.swift; path = GiftController.swift; sourceTree = "<group>"; };
		2666C6C12238F3F00072964A /* knStaticListController.swift */ = {isa = PBXFileReference; fileEncoding = 4; lastKnownFileType = sourcecode.swift; path = knStaticListController.swift; sourceTree = "<group>"; };
		2666C6C32238F3F00072964A /* Extension.swift */ = {isa = PBXFileReference; fileEncoding = 4; lastKnownFileType = sourcecode.swift; path = Extension.swift; sourceTree = "<group>"; };
		2666C6C72238F40B0072964A /* CategoryView.swift */ = {isa = PBXFileReference; fileEncoding = 4; lastKnownFileType = sourcecode.swift; path = CategoryView.swift; sourceTree = "<group>"; };
		2666C6C92238F4A50072964A /* RewardView.swift */ = {isa = PBXFileReference; fileEncoding = 4; lastKnownFileType = sourcecode.swift; path = RewardView.swift; sourceTree = "<group>"; };
		26C42F6C222D35EC006C5165 /* UIViewExtension.swift */ = {isa = PBXFileReference; fileEncoding = 4; lastKnownFileType = sourcecode.swift; path = UIViewExtension.swift; sourceTree = "<group>"; };
		26C42F6E222D36BD006C5165 /* Colors.swift */ = {isa = PBXFileReference; lastKnownFileType = sourcecode.swift; path = Colors.swift; sourceTree = "<group>"; };
		26C42F70222D36EA006C5165 /* UIColorExtension.swift */ = {isa = PBXFileReference; fileEncoding = 4; lastKnownFileType = sourcecode.swift; path = UIColorExtension.swift; sourceTree = "<group>"; };
		26C42F72222D379C006C5165 /* UITextFieldExtension.swift */ = {isa = PBXFileReference; fileEncoding = 4; lastKnownFileType = sourcecode.swift; path = UITextFieldExtension.swift; sourceTree = "<group>"; };
		26C42F84222E501A006C5165 /* knUIMaker.swift */ = {isa = PBXFileReference; fileEncoding = 4; lastKnownFileType = sourcecode.swift; path = knUIMaker.swift; sourceTree = "<group>"; };
		26C42F88222E5BDE006C5165 /* ProfileHeader.swift */ = {isa = PBXFileReference; lastKnownFileType = sourcecode.swift; path = ProfileHeader.swift; sourceTree = "<group>"; };
		26C42F89222E5BDE006C5165 /* ProfileHeader.xib */ = {isa = PBXFileReference; lastKnownFileType = file.xib; path = ProfileHeader.xib; sourceTree = "<group>"; };
		2F74FD68F7A757B37A81ABD8 /* Pods-apppresentUITests.debug.xcconfig */ = {isa = PBXFileReference; includeInIndex = 1; lastKnownFileType = text.xcconfig; name = "Pods-apppresentUITests.debug.xcconfig"; path = "Pods/Target Support Files/Pods-apppresentUITests/Pods-apppresentUITests.debug.xcconfig"; sourceTree = "<group>"; };
		398C734BC67A1E55B8A6D6AF /* Pods-apppresentTests.release.xcconfig */ = {isa = PBXFileReference; includeInIndex = 1; lastKnownFileType = text.xcconfig; name = "Pods-apppresentTests.release.xcconfig"; path = "Pods/Target Support Files/Pods-apppresentTests/Pods-apppresentTests.release.xcconfig"; sourceTree = "<group>"; };
		3F442F1BEDD82010219D648C /* Pods_apppresentUITests.framework */ = {isa = PBXFileReference; explicitFileType = wrapper.framework; includeInIndex = 0; path = Pods_apppresentUITests.framework; sourceTree = BUILT_PRODUCTS_DIR; };
		5210CBFF21DE192600EE0A79 /* FeedViewController.swift */ = {isa = PBXFileReference; lastKnownFileType = sourcecode.swift; path = FeedViewController.swift; sourceTree = "<group>"; };
		522F1DF621DC05730076FC88 /* ProfilePageViewController.swift */ = {isa = PBXFileReference; lastKnownFileType = sourcecode.swift; path = ProfilePageViewController.swift; sourceTree = "<group>"; };
		52339EAB2204C35800059075 /* UserData.swift */ = {isa = PBXFileReference; lastKnownFileType = sourcecode.swift; path = UserData.swift; sourceTree = "<group>"; };
		52339EAD2206025000059075 /* SearchTableViewCell.swift */ = {isa = PBXFileReference; lastKnownFileType = sourcecode.swift; path = SearchTableViewCell.swift; sourceTree = "<group>"; };
		523F617521EFBF58008D8F41 /* Database.swift */ = {isa = PBXFileReference; lastKnownFileType = sourcecode.swift; path = Database.swift; sourceTree = "<group>"; };
		523F617721EFC413008D8F41 /* UIImageExtension.swift */ = {isa = PBXFileReference; lastKnownFileType = sourcecode.swift; path = UIImageExtension.swift; sourceTree = "<group>"; };
		5241CD6921FF7C6700524276 /* GoogleService-Info.plist */ = {isa = PBXFileReference; fileEncoding = 4; lastKnownFileType = text.plist.xml; path = "GoogleService-Info.plist"; sourceTree = "<group>"; };
		5241CD6E21FF7D2600524276 /* Info copy.plist */ = {isa = PBXFileReference; fileEncoding = 4; lastKnownFileType = text.plist.xml; path = "Info copy.plist"; sourceTree = "<group>"; };
		5241DC2B222C82E700103C7F /* PlaceGiftCell.swift */ = {isa = PBXFileReference; lastKnownFileType = sourcecode.swift; path = PlaceGiftCell.swift; sourceTree = "<group>"; };
		5241DC31222C840900103C7F /* GiftData.swift */ = {isa = PBXFileReference; lastKnownFileType = sourcecode.swift; path = GiftData.swift; sourceTree = "<group>"; };
		5241DC3F222FEE3800103C7F /* ReferralPopup.swift */ = {isa = PBXFileReference; lastKnownFileType = sourcecode.swift; path = ReferralPopup.swift; sourceTree = "<group>"; };
		5241DC41222FEFB500103C7F /* KnPopup.swift */ = {isa = PBXFileReference; lastKnownFileType = sourcecode.swift; path = KnPopup.swift; sourceTree = "<group>"; };
		5241DC45222FF08000103C7F /* Extensions.swift */ = {isa = PBXFileReference; lastKnownFileType = sourcecode.swift; path = Extensions.swift; sourceTree = "<group>"; };
		5241DC47222FF08300103C7F /* UIMaker.swift */ = {isa = PBXFileReference; lastKnownFileType = sourcecode.swift; path = UIMaker.swift; sourceTree = "<group>"; };
		5241DC49222FF08500103C7F /* knConstraints.swift */ = {isa = PBXFileReference; lastKnownFileType = sourcecode.swift; path = knConstraints.swift; sourceTree = "<group>"; };
		524A4DE722497AE60055F7E6 /* PoolData.swift */ = {isa = PBXFileReference; lastKnownFileType = sourcecode.swift; path = PoolData.swift; sourceTree = "<group>"; };
		5250B6AC22403347009C0CB3 /* GiftManager.swift */ = {isa = PBXFileReference; lastKnownFileType = sourcecode.swift; path = GiftManager.swift; sourceTree = "<group>"; };
		5250B6B22241734C009C0CB3 /* GiftSpecificCollectionViewCell.swift */ = {isa = PBXFileReference; lastKnownFileType = sourcecode.swift; path = GiftSpecificCollectionViewCell.swift; sourceTree = "<group>"; };
		525FC41E22346BC90097135C /* Datasource.swift */ = {isa = PBXFileReference; lastKnownFileType = sourcecode.swift; path = Datasource.swift; sourceTree = "<group>"; };
		52645CD621E79D4A00413DC1 /* GiftViewController.swift */ = {isa = PBXFileReference; lastKnownFileType = sourcecode.swift; path = GiftViewController.swift; sourceTree = "<group>"; };
		52645CD821E79D7D00413DC1 /* SearchViewController.swift */ = {isa = PBXFileReference; lastKnownFileType = sourcecode.swift; path = SearchViewController.swift; sourceTree = "<group>"; };
		52645CDA21E79E3900413DC1 /* AppNavigationViewController.swift */ = {isa = PBXFileReference; lastKnownFileType = sourcecode.swift; path = AppNavigationViewController.swift; sourceTree = "<group>"; };
		52645CDC21E79EAD00413DC1 /* AppTabViewController.swift */ = {isa = PBXFileReference; lastKnownFileType = sourcecode.swift; path = AppTabViewController.swift; sourceTree = "<group>"; };
		52645CDE21E7A8B300413DC1 /* Setting.swift */ = {isa = PBXFileReference; lastKnownFileType = sourcecode.swift; path = Setting.swift; sourceTree = "<group>"; };
		52645CE021E7B15700413DC1 /* InitialNavViewController.swift */ = {isa = PBXFileReference; lastKnownFileType = sourcecode.swift; path = InitialNavViewController.swift; sourceTree = "<group>"; };
		52713E8E21CD2DCB00409294 /* apppresent.app */ = {isa = PBXFileReference; explicitFileType = wrapper.application; includeInIndex = 0; path = apppresent.app; sourceTree = BUILT_PRODUCTS_DIR; };
		52713E9121CD2DCB00409294 /* AppDelegate.swift */ = {isa = PBXFileReference; lastKnownFileType = sourcecode.swift; path = AppDelegate.swift; sourceTree = "<group>"; };
		52713E9321CD2DCB00409294 /* LoginViewController.swift */ = {isa = PBXFileReference; lastKnownFileType = sourcecode.swift; path = LoginViewController.swift; sourceTree = "<group>"; };
		52713E9621CD2DCB00409294 /* Base */ = {isa = PBXFileReference; lastKnownFileType = file.storyboard; name = Base; path = Base.lproj/Main.storyboard; sourceTree = "<group>"; };
		52713E9821CD2DCD00409294 /* Assets.xcassets */ = {isa = PBXFileReference; lastKnownFileType = folder.assetcatalog; path = Assets.xcassets; sourceTree = "<group>"; };
		52713E9B21CD2DCD00409294 /* Base */ = {isa = PBXFileReference; lastKnownFileType = file.storyboard; name = Base; path = Base.lproj/LaunchScreen.storyboard; sourceTree = "<group>"; };
		52713EA221CD2DCD00409294 /* apppresentTests.xctest */ = {isa = PBXFileReference; explicitFileType = wrapper.cfbundle; includeInIndex = 0; path = apppresentTests.xctest; sourceTree = BUILT_PRODUCTS_DIR; };
		52713EA621CD2DCD00409294 /* apppresentTests.swift */ = {isa = PBXFileReference; lastKnownFileType = sourcecode.swift; path = apppresentTests.swift; sourceTree = "<group>"; };
		52713EA821CD2DCD00409294 /* Info.plist */ = {isa = PBXFileReference; lastKnownFileType = text.plist.xml; path = Info.plist; sourceTree = "<group>"; };
		52713EAD21CD2DCD00409294 /* apppresentUITests.xctest */ = {isa = PBXFileReference; explicitFileType = wrapper.cfbundle; includeInIndex = 0; path = apppresentUITests.xctest; sourceTree = BUILT_PRODUCTS_DIR; };
		52713EB121CD2DCD00409294 /* apppresentUITests.swift */ = {isa = PBXFileReference; lastKnownFileType = sourcecode.swift; path = apppresentUITests.swift; sourceTree = "<group>"; };
		52713EB321CD2DCD00409294 /* Info.plist */ = {isa = PBXFileReference; lastKnownFileType = text.plist.xml; path = Info.plist; sourceTree = "<group>"; };
		528117F321E696EA00AD9E4F /* PostDetail.swift */ = {isa = PBXFileReference; lastKnownFileType = sourcecode.swift; path = PostDetail.swift; sourceTree = "<group>"; };
		5281EB6422021257006DF175 /* apppresent.entitlements */ = {isa = PBXFileReference; lastKnownFileType = text.plist.entitlements; path = apppresent.entitlements; sourceTree = "<group>"; };
		52864C782246586D008E76B2 /* AddGiftItemViewController.swift */ = {isa = PBXFileReference; lastKnownFileType = sourcecode.swift; path = AddGiftItemViewController.swift; sourceTree = "<group>"; };
		52864C7A22466530008E76B2 /* ContributionViewController.swift */ = {isa = PBXFileReference; lastKnownFileType = sourcecode.swift; path = ContributionViewController.swift; sourceTree = "<group>"; };
		52864C7C22467928008E76B2 /* loading.gif */ = {isa = PBXFileReference; lastKnownFileType = image.gif; path = loading.gif; sourceTree = "<group>"; };
		52864C7E22467981008E76B2 /* UIImageGif.swift */ = {isa = PBXFileReference; lastKnownFileType = sourcecode.swift; path = UIImageGif.swift; sourceTree = "<group>"; };
		52A4DB2921E4C0D7008D1110 /* postHeaderView.swift */ = {isa = PBXFileReference; lastKnownFileType = sourcecode.swift; path = postHeaderView.swift; sourceTree = "<group>"; };
		52A4DB2B21E4CF62008D1110 /* UploadPostViewController.swift */ = {isa = PBXFileReference; lastKnownFileType = sourcecode.swift; path = UploadPostViewController.swift; sourceTree = "<group>"; };
		52C3D1D021ED1BFA00DF7F41 /* login.storyboard */ = {isa = PBXFileReference; fileEncoding = 4; lastKnownFileType = file.storyboard; path = login.storyboard; sourceTree = "<group>"; };
		52C3D1D221ED1C1300DF7F41 /* register.storyboard */ = {isa = PBXFileReference; fileEncoding = 4; lastKnownFileType = file.storyboard; path = register.storyboard; sourceTree = "<group>"; };
		52C3D1D421ED1C6300DF7F41 /* home.storyboard */ = {isa = PBXFileReference; fileEncoding = 4; lastKnownFileType = file.storyboard; path = home.storyboard; sourceTree = "<group>"; };
		52C3D1D821ED1CBE00DF7F41 /* post.storyboard */ = {isa = PBXFileReference; fileEncoding = 4; lastKnownFileType = file.storyboard; path = post.storyboard; sourceTree = "<group>"; };
		52C3D1DA21ED1CE100DF7F41 /* search.storyboard */ = {isa = PBXFileReference; fileEncoding = 4; lastKnownFileType = file.storyboard; path = search.storyboard; sourceTree = "<group>"; };
		52C3D1DC21ED1D1400DF7F41 /* profile.storyboard */ = {isa = PBXFileReference; fileEncoding = 4; lastKnownFileType = file.storyboard; path = profile.storyboard; sourceTree = "<group>"; };
		52C3D1E421EDFA7700DF7F41 /* gifting.storyboard */ = {isa = PBXFileReference; fileEncoding = 4; lastKnownFileType = file.storyboard; path = gifting.storyboard; sourceTree = "<group>"; };
		52C994EB21F63432002DE553 /* PostTableViewCell.swift */ = {isa = PBXFileReference; lastKnownFileType = sourcecode.swift; path = PostTableViewCell.swift; sourceTree = "<group>"; };
		52D30CFB21DF9BF8005E3128 /* CollectionViewCell.swift */ = {isa = PBXFileReference; lastKnownFileType = sourcecode.swift; path = CollectionViewCell.swift; sourceTree = "<group>"; };
		52D30CFD21DFA1B8005E3128 /* CustomImageFlowLayout.swift */ = {isa = PBXFileReference; lastKnownFileType = sourcecode.swift; path = CustomImageFlowLayout.swift; sourceTree = "<group>"; };
		52D30CFF21DFA912005E3128 /* PostData.swift */ = {isa = PBXFileReference; lastKnownFileType = sourcecode.swift; path = PostData.swift; sourceTree = "<group>"; };
		52D6D57922397C2F0038FC74 /* size.storyboard */ = {isa = PBXFileReference; lastKnownFileType = file.storyboard; path = size.storyboard; sourceTree = "<group>"; };
		52D6D57B223989420038FC74 /* GiftPopUpViewController.swift */ = {isa = PBXFileReference; fileEncoding = 4; lastKnownFileType = sourcecode.swift; path = GiftPopUpViewController.swift; sourceTree = "<group>"; };
		52D893A421CE2D4300FCAA5D /* RegisterDetailVCViewController.swift */ = {isa = PBXFileReference; lastKnownFileType = sourcecode.swift; path = RegisterDetailVCViewController.swift; sourceTree = "<group>"; };
		52F1DFF422387904002F7A55 /* Reminder.storyboard */ = {isa = PBXFileReference; fileEncoding = 4; lastKnownFileType = file.storyboard; name = Reminder.storyboard; path = ../../Reminder.storyboard; sourceTree = "<group>"; };
		52F1DFF62238790C002F7A55 /* ReminderViewController.swift */ = {isa = PBXFileReference; fileEncoding = 4; lastKnownFileType = sourcecode.swift; name = ReminderViewController.swift; path = ../../ReminderViewController.swift; sourceTree = "<group>"; };
		52F1DFF822388709002F7A55 /* DateExtension.swift */ = {isa = PBXFileReference; fileEncoding = 4; lastKnownFileType = sourcecode.swift; path = DateExtension.swift; sourceTree = "<group>"; };
		52FD920021DCFB110021B3A0 /* BirthdayPostViewController.swift */ = {isa = PBXFileReference; lastKnownFileType = sourcecode.swift; path = BirthdayPostViewController.swift; sourceTree = "<group>"; };
		52FD920221DD01760021B3A0 /* EditProfileViewController.swift */ = {isa = PBXFileReference; lastKnownFileType = sourcecode.swift; path = EditProfileViewController.swift; sourceTree = "<group>"; };
		73A188A30E5DA16646ED68B7 /* Pods-apppresentTests.debug.xcconfig */ = {isa = PBXFileReference; includeInIndex = 1; lastKnownFileType = text.xcconfig; name = "Pods-apppresentTests.debug.xcconfig"; path = "Pods/Target Support Files/Pods-apppresentTests/Pods-apppresentTests.debug.xcconfig"; sourceTree = "<group>"; };
		94BDA1F1EB6C7B3F171114D2 /* Pods-apppresent.release.xcconfig */ = {isa = PBXFileReference; includeInIndex = 1; lastKnownFileType = text.xcconfig; name = "Pods-apppresent.release.xcconfig"; path = "Pods/Target Support Files/Pods-apppresent/Pods-apppresent.release.xcconfig"; sourceTree = "<group>"; };
		C500BC6CC3ECE9623B56B30C /* Pods-apppresentUITests.release.xcconfig */ = {isa = PBXFileReference; includeInIndex = 1; lastKnownFileType = text.xcconfig; name = "Pods-apppresentUITests.release.xcconfig"; path = "Pods/Target Support Files/Pods-apppresentUITests/Pods-apppresentUITests.release.xcconfig"; sourceTree = "<group>"; };
		D49F1448A7CE97C7CE4B3717 /* Pods-apppresent.debug.xcconfig */ = {isa = PBXFileReference; includeInIndex = 1; lastKnownFileType = text.xcconfig; name = "Pods-apppresent.debug.xcconfig"; path = "Pods/Target Support Files/Pods-apppresent/Pods-apppresent.debug.xcconfig"; sourceTree = "<group>"; };
		D52B93D6F30ADC06DD18070B /* Pods_apppresentTests.framework */ = {isa = PBXFileReference; explicitFileType = wrapper.framework; includeInIndex = 0; path = Pods_apppresentTests.framework; sourceTree = BUILT_PRODUCTS_DIR; };
/* End PBXFileReference section */

/* Begin PBXFrameworksBuildPhase section */
		52713E8B21CD2DCB00409294 /* Frameworks */ = {
			isa = PBXFrameworksBuildPhase;
			buildActionMask = 2147483647;
			files = (
				8782363CB62BD84C697CCC85 /* Pods_apppresent.framework in Frameworks */,
			);
			runOnlyForDeploymentPostprocessing = 0;
		};
		52713E9F21CD2DCD00409294 /* Frameworks */ = {
			isa = PBXFrameworksBuildPhase;
			buildActionMask = 2147483647;
			files = (
				B9BB0CE1BD94F665CB49025D /* Pods_apppresentTests.framework in Frameworks */,
			);
			runOnlyForDeploymentPostprocessing = 0;
		};
		52713EAA21CD2DCD00409294 /* Frameworks */ = {
			isa = PBXFrameworksBuildPhase;
			buildActionMask = 2147483647;
			files = (
				0AEB35BB7AC7757EF0EAECB8 /* Pods_apppresentUITests.framework in Frameworks */,
			);
			runOnlyForDeploymentPostprocessing = 0;
		};
/* End PBXFrameworksBuildPhase section */

/* Begin PBXGroup section */
		1F04326BFA4A1B0E2D19E844 /* Frameworks */ = {
			isa = PBXGroup;
			children = (
				1858E937DD2E08AD515173A9 /* Pods_apppresent.framework */,
				D52B93D6F30ADC06DD18070B /* Pods_apppresentTests.framework */,
				3F442F1BEDD82010219D648C /* Pods_apppresentUITests.framework */,
			);
			name = Frameworks;
			sourceTree = "<group>";
		};
		5241CD5521FF6E1400524276 /* Config */ = {
			isa = PBXGroup;
			children = (
				52864C7C22467928008E76B2 /* loading.gif */,
				52713E9121CD2DCB00409294 /* AppDelegate.swift */,
				52713E9821CD2DCD00409294 /* Assets.xcassets */,
				52713E9A21CD2DCD00409294 /* LaunchScreen.storyboard */,
				5241CD6921FF7C6700524276 /* GoogleService-Info.plist */,
				5241CD6E21FF7D2600524276 /* Info copy.plist */,
			);
			name = Config;
			path = "New Group";
			sourceTree = "<group>";
		};
		5241CD5621FF6E2D00524276 /* Common */ = {
			isa = PBXGroup;
			children = (
				52F1DFF822388709002F7A55 /* DateExtension.swift */,
				26C42F6C222D35EC006C5165 /* UIViewExtension.swift */,
				523F617521EFBF58008D8F41 /* Database.swift */,
				523F617721EFC413008D8F41 /* UIImageExtension.swift */,
				52645CDE21E7A8B300413DC1 /* Setting.swift */,
				26C42F70222D36EA006C5165 /* UIColorExtension.swift */,
				26C42F72222D379C006C5165 /* UITextFieldExtension.swift */,
				26C42F6E222D36BD006C5165 /* Colors.swift */,
				52864C7E22467981008E76B2 /* UIImageGif.swift */,
			);
			path = Common;
			sourceTree = "<group>";
		};
		5241CD5721FF6E3700524276 /* Home */ = {
			isa = PBXGroup;
			children = (
				52C994EB21F63432002DE553 /* PostTableViewCell.swift */,
				5210CBFF21DE192600EE0A79 /* FeedViewController.swift */,
				52C3D1D421ED1C6300DF7F41 /* home.storyboard */,
				5241DC4B223014D600103C7F /* Add Post */,
			);
			path = Home;
			sourceTree = "<group>";
		};
		5241CD5921FF6E5000524276 /* Gift */ = {
			isa = PBXGroup;
			children = (
				52C3D1E421EDFA7700DF7F41 /* gifting.storyboard */,
				52864C7A22466530008E76B2 /* ContributionViewController.swift */,
				5250B6B22241734C009C0CB3 /* GiftSpecificCollectionViewCell.swift */,
				524A4DE722497AE60055F7E6 /* PoolData.swift */,
				5241DC31222C840900103C7F /* GiftData.swift */,
				2666C6BF2238F3BB0072964A /* GiftController.swift */,
				52864C782246586D008E76B2 /* AddGiftItemViewController.swift */,
				5241DC2B222C82E700103C7F /* PlaceGiftCell.swift */,
				52645CD621E79D4A00413DC1 /* GiftViewController.swift */,
				2666C6C32238F3F00072964A /* Extension.swift */,
				2666C6C92238F4A50072964A /* RewardView.swift */,
				2666C6C72238F40B0072964A /* CategoryView.swift */,
				2666C6C12238F3F00072964A /* knStaticListController.swift */,
				5250B6AC22403347009C0CB3 /* GiftManager.swift */,
			);
			path = Gift;
			sourceTree = "<group>";
		};
		5241CD5A21FF6E5600524276 /* Profile */ = {
			isa = PBXGroup;
			children = (
				52C3D1DC21ED1D1400DF7F41 /* profile.storyboard */,
				522F1DF621DC05730076FC88 /* ProfilePageViewController.swift */,
				26C42F88222E5BDE006C5165 /* ProfileHeader.swift */,
				26C42F89222E5BDE006C5165 /* ProfileHeader.xib */,
				5241DC4C2230157600103C7F /* Collection View Post */,
				5241DC4E2230171F00103C7F /* Edit Profile */,
			);
			path = Profile;
			sourceTree = "<group>";
		};
		5241CD5B21FF6E6400524276 /* Search */ = {
			isa = PBXGroup;
			children = (
				52C3D1DA21ED1CE100DF7F41 /* search.storyboard */,
				52339EAD2206025000059075 /* SearchTableViewCell.swift */,
				52645CD821E79D7D00413DC1 /* SearchViewController.swift */,
			);
			path = Search;
			sourceTree = "<group>";
		};
		5241CD5C21FF6E7100524276 /* Main */ = {
			isa = PBXGroup;
			children = (
				52645CDC21E79EAD00413DC1 /* AppTabViewController.swift */,
				52713E9521CD2DCB00409294 /* Main.storyboard */,
			);
			path = Main;
			sourceTree = "<group>";
		};
		5241CD5E21FF73EB00524276 /* UserAccounts */ = {
			isa = PBXGroup;
			children = (
				52339EAB2204C35800059075 /* UserData.swift */,
				52645CDA21E79E3900413DC1 /* AppNavigationViewController.swift */,
				52645CE021E7B15700413DC1 /* InitialNavViewController.swift */,
				52C3D1D021ED1BFA00DF7F41 /* login.storyboard */,
				52C3D1D221ED1C1300DF7F41 /* register.storyboard */,
				52713E9321CD2DCB00409294 /* LoginViewController.swift */,
				52D893A421CE2D4300FCAA5D /* RegisterDetailVCViewController.swift */,
			);
			path = UserAccounts;
			sourceTree = "<group>";
		};
		5241DC4B223014D600103C7F /* Add Post */ = {
			isa = PBXGroup;
			children = (
				528117F321E696EA00AD9E4F /* PostDetail.swift */,
				52A4DB2B21E4CF62008D1110 /* UploadPostViewController.swift */,
				52C3D1D821ED1CBE00DF7F41 /* post.storyboard */,
			);
			path = "Add Post";
			sourceTree = "<group>";
		};
		5241DC4C2230157600103C7F /* Collection View Post */ = {
			isa = PBXGroup;
			children = (
				52FD920021DCFB110021B3A0 /* BirthdayPostViewController.swift */,
				52D30CFD21DFA1B8005E3128 /* CustomImageFlowLayout.swift */,
				52D30CFB21DF9BF8005E3128 /* CollectionViewCell.swift */,
				52D30CFF21DFA912005E3128 /* PostData.swift */,
				52A4DB2921E4C0D7008D1110 /* postHeaderView.swift */,
			);
			path = "Collection View Post";
			sourceTree = "<group>";
		};
		5241DC4D223015D800103C7F /* SizePopup */ = {
			isa = PBXGroup;
			children = (
				52D6D57B223989420038FC74 /* GiftPopUpViewController.swift */,
				5241DC3F222FEE3800103C7F /* ReferralPopup.swift */,
				5241DC47222FF08300103C7F /* UIMaker.swift */,
				5241DC45222FF08000103C7F /* Extensions.swift */,
				5241DC41222FEFB500103C7F /* KnPopup.swift */,
				5241DC49222FF08500103C7F /* knConstraints.swift */,
				26C42F84222E501A006C5165 /* knUIMaker.swift */,
				52D6D57922397C2F0038FC74 /* size.storyboard */,
			);
			path = SizePopup;
			sourceTree = "<group>";
		};
		5241DC4E2230171F00103C7F /* Edit Profile */ = {
			isa = PBXGroup;
			children = (
				52FD920221DD01760021B3A0 /* EditProfileViewController.swift */,
			);
			path = "Edit Profile";
			sourceTree = "<group>";
		};
		52713E8521CD2DCB00409294 = {
			isa = PBXGroup;
			children = (
				525FC41E22346BC90097135C /* Datasource.swift */,
				52F1DFEF223878D0002F7A55 /* Reminder */,
				52713E9021CD2DCB00409294 /* apppresent */,
				52713EA521CD2DCD00409294 /* apppresentTests */,
				52713EB021CD2DCD00409294 /* apppresentUITests */,
				52713E8F21CD2DCB00409294 /* Products */,
				76DD4F9FE10552716046BB0B /* Pods */,
				1F04326BFA4A1B0E2D19E844 /* Frameworks */,
			);
			sourceTree = "<group>";
		};
		52713E8F21CD2DCB00409294 /* Products */ = {
			isa = PBXGroup;
			children = (
				52713E8E21CD2DCB00409294 /* apppresent.app */,
				52713EA221CD2DCD00409294 /* apppresentTests.xctest */,
				52713EAD21CD2DCD00409294 /* apppresentUITests.xctest */,
			);
			name = Products;
			sourceTree = "<group>";
		};
		52713E9021CD2DCB00409294 /* apppresent */ = {
			isa = PBXGroup;
			children = (
				5281EB6422021257006DF175 /* apppresent.entitlements */,
				5241CD5E21FF73EB00524276 /* UserAccounts */,
				5241CD5C21FF6E7100524276 /* Main */,
				5241CD5B21FF6E6400524276 /* Search */,
				5241CD5A21FF6E5600524276 /* Profile */,
				5241DC4D223015D800103C7F /* SizePopup */,
				5241CD5921FF6E5000524276 /* Gift */,
				5241CD5721FF6E3700524276 /* Home */,
				5241CD5621FF6E2D00524276 /* Common */,
				5241CD5521FF6E1400524276 /* Config */,
			);
			path = apppresent;
			sourceTree = "<group>";
		};
		52713EA521CD2DCD00409294 /* apppresentTests */ = {
			isa = PBXGroup;
			children = (
				52713EA621CD2DCD00409294 /* apppresentTests.swift */,
				52713EA821CD2DCD00409294 /* Info.plist */,
			);
			path = apppresentTests;
			sourceTree = "<group>";
		};
		52713EB021CD2DCD00409294 /* apppresentUITests */ = {
			isa = PBXGroup;
			children = (
				52713EB121CD2DCD00409294 /* apppresentUITests.swift */,
				52713EB321CD2DCD00409294 /* Info.plist */,
			);
			path = apppresentUITests;
			sourceTree = "<group>";
		};
		52F1DFEF223878D0002F7A55 /* Reminder */ = {
			isa = PBXGroup;
			children = (
				52F1DFF62238790C002F7A55 /* ReminderViewController.swift */,
				52F1DFF422387904002F7A55 /* Reminder.storyboard */,
			);
			path = Reminder;
			sourceTree = "<group>";
		};
		76DD4F9FE10552716046BB0B /* Pods */ = {
			isa = PBXGroup;
			children = (
				D49F1448A7CE97C7CE4B3717 /* Pods-apppresent.debug.xcconfig */,
				94BDA1F1EB6C7B3F171114D2 /* Pods-apppresent.release.xcconfig */,
				73A188A30E5DA16646ED68B7 /* Pods-apppresentTests.debug.xcconfig */,
				398C734BC67A1E55B8A6D6AF /* Pods-apppresentTests.release.xcconfig */,
				2F74FD68F7A757B37A81ABD8 /* Pods-apppresentUITests.debug.xcconfig */,
				C500BC6CC3ECE9623B56B30C /* Pods-apppresentUITests.release.xcconfig */,
			);
			name = Pods;
			sourceTree = "<group>";
		};
/* End PBXGroup section */

/* Begin PBXNativeTarget section */
		52713E8D21CD2DCB00409294 /* apppresent */ = {
			isa = PBXNativeTarget;
			buildConfigurationList = 52713EB621CD2DCE00409294 /* Build configuration list for PBXNativeTarget "apppresent" */;
			buildPhases = (
				1F435C9A122AE348BDCA5177 /* [CP] Check Pods Manifest.lock */,
				52713E8A21CD2DCB00409294 /* Sources */,
				52713E8B21CD2DCB00409294 /* Frameworks */,
				52713E8C21CD2DCB00409294 /* Resources */,
				2EB193FFB9D2EF2BDD1C0357 /* [CP] Embed Pods Frameworks */,
			);
			buildRules = (
			);
			dependencies = (
			);
			name = apppresent;
			productName = apppresent;
			productReference = 52713E8E21CD2DCB00409294 /* apppresent.app */;
			productType = "com.apple.product-type.application";
		};
		52713EA121CD2DCD00409294 /* apppresentTests */ = {
			isa = PBXNativeTarget;
			buildConfigurationList = 52713EB921CD2DCE00409294 /* Build configuration list for PBXNativeTarget "apppresentTests" */;
			buildPhases = (
				A6A76994FF1B14DBCFB43A77 /* [CP] Check Pods Manifest.lock */,
				52713E9E21CD2DCD00409294 /* Sources */,
				52713E9F21CD2DCD00409294 /* Frameworks */,
				52713EA021CD2DCD00409294 /* Resources */,
			);
			buildRules = (
			);
			dependencies = (
				52713EA421CD2DCD00409294 /* PBXTargetDependency */,
			);
			name = apppresentTests;
			productName = apppresentTests;
			productReference = 52713EA221CD2DCD00409294 /* apppresentTests.xctest */;
			productType = "com.apple.product-type.bundle.unit-test";
		};
		52713EAC21CD2DCD00409294 /* apppresentUITests */ = {
			isa = PBXNativeTarget;
			buildConfigurationList = 52713EBC21CD2DCE00409294 /* Build configuration list for PBXNativeTarget "apppresentUITests" */;
			buildPhases = (
				BE2DEFA12671B22D9F81020F /* [CP] Check Pods Manifest.lock */,
				52713EA921CD2DCD00409294 /* Sources */,
				52713EAA21CD2DCD00409294 /* Frameworks */,
				52713EAB21CD2DCD00409294 /* Resources */,
			);
			buildRules = (
			);
			dependencies = (
				52713EAF21CD2DCD00409294 /* PBXTargetDependency */,
			);
			name = apppresentUITests;
			productName = apppresentUITests;
			productReference = 52713EAD21CD2DCD00409294 /* apppresentUITests.xctest */;
			productType = "com.apple.product-type.bundle.ui-testing";
		};
/* End PBXNativeTarget section */

/* Begin PBXProject section */
		52713E8621CD2DCB00409294 /* Project object */ = {
			isa = PBXProject;
			attributes = {
				LastSwiftUpdateCheck = 1010;
				LastUpgradeCheck = 1010;
				ORGANIZATIONNAME = "Macbook Pro";
				TargetAttributes = {
					52713E8D21CD2DCB00409294 = {
						CreatedOnToolsVersion = 10.1;
						SystemCapabilities = {
							com.apple.BackgroundModes = {
								enabled = 1;
							};
							com.apple.Push = {
								enabled = 1;
							};
						};
					};
					52713EA121CD2DCD00409294 = {
						CreatedOnToolsVersion = 10.1;
						TestTargetID = 52713E8D21CD2DCB00409294;
					};
					52713EAC21CD2DCD00409294 = {
						CreatedOnToolsVersion = 10.1;
						TestTargetID = 52713E8D21CD2DCB00409294;
					};
				};
			};
			buildConfigurationList = 52713E8921CD2DCB00409294 /* Build configuration list for PBXProject "apppresent" */;
			compatibilityVersion = "Xcode 9.3";
			developmentRegion = en;
			hasScannedForEncodings = 0;
			knownRegions = (
				en,
				Base,
			);
			mainGroup = 52713E8521CD2DCB00409294;
			productRefGroup = 52713E8F21CD2DCB00409294 /* Products */;
			projectDirPath = "";
			projectRoot = "";
			targets = (
				52713E8D21CD2DCB00409294 /* apppresent */,
				52713EA121CD2DCD00409294 /* apppresentTests */,
				52713EAC21CD2DCD00409294 /* apppresentUITests */,
			);
		};
/* End PBXProject section */

/* Begin PBXResourcesBuildPhase section */
		52713E8C21CD2DCB00409294 /* Resources */ = {
			isa = PBXResourcesBuildPhase;
			buildActionMask = 2147483647;
			files = (
				52C3D1D321ED1C1300DF7F41 /* register.storyboard in Resources */,
				52C3D1D121ED1BFA00DF7F41 /* login.storyboard in Resources */,
				5241CD6A21FF7C6700524276 /* GoogleService-Info.plist in Resources */,
				5241CD6F21FF7D2600524276 /* Info copy.plist in Resources */,
				52C3D1D921ED1CBE00DF7F41 /* post.storyboard in Resources */,
				52F1DFF522387904002F7A55 /* Reminder.storyboard in Resources */,
				52713E9C21CD2DCD00409294 /* LaunchScreen.storyboard in Resources */,
				52C3D1E521EDFA7700DF7F41 /* gifting.storyboard in Resources */,
				52713E9921CD2DCD00409294 /* Assets.xcassets in Resources */,
				52C3D1DD21ED1D1400DF7F41 /* profile.storyboard in Resources */,
				52C3D1DB21ED1CE100DF7F41 /* search.storyboard in Resources */,
				52D6D57A22397C2F0038FC74 /* size.storyboard in Resources */,
				52713E9721CD2DCB00409294 /* Main.storyboard in Resources */,
				52864C7D22467929008E76B2 /* loading.gif in Resources */,
				26C42F8B222E5BDE006C5165 /* ProfileHeader.xib in Resources */,
				52C3D1D521ED1C6300DF7F41 /* home.storyboard in Resources */,
			);
			runOnlyForDeploymentPostprocessing = 0;
		};
		52713EA021CD2DCD00409294 /* Resources */ = {
			isa = PBXResourcesBuildPhase;
			buildActionMask = 2147483647;
			files = (
			);
			runOnlyForDeploymentPostprocessing = 0;
		};
		52713EAB21CD2DCD00409294 /* Resources */ = {
			isa = PBXResourcesBuildPhase;
			buildActionMask = 2147483647;
			files = (
			);
			runOnlyForDeploymentPostprocessing = 0;
		};
/* End PBXResourcesBuildPhase section */

/* Begin PBXShellScriptBuildPhase section */
		1F435C9A122AE348BDCA5177 /* [CP] Check Pods Manifest.lock */ = {
			isa = PBXShellScriptBuildPhase;
			buildActionMask = 2147483647;
			files = (
			);
			inputFileListPaths = (
			);
			inputPaths = (
				"${PODS_PODFILE_DIR_PATH}/Podfile.lock",
				"${PODS_ROOT}/Manifest.lock",
			);
			name = "[CP] Check Pods Manifest.lock";
			outputFileListPaths = (
			);
			outputPaths = (
				"$(DERIVED_FILE_DIR)/Pods-apppresent-checkManifestLockResult.txt",
			);
			runOnlyForDeploymentPostprocessing = 0;
			shellPath = /bin/sh;
			shellScript = "diff \"${PODS_PODFILE_DIR_PATH}/Podfile.lock\" \"${PODS_ROOT}/Manifest.lock\" > /dev/null\nif [ $? != 0 ] ; then\n    # print error to STDERR\n    echo \"error: The sandbox is not in sync with the Podfile.lock. Run 'pod install' or update your CocoaPods installation.\" >&2\n    exit 1\nfi\n# This output is used by Xcode 'outputs' to avoid re-running this script phase.\necho \"SUCCESS\" > \"${SCRIPT_OUTPUT_FILE_0}\"\n";
			showEnvVarsInLog = 0;
		};
		2EB193FFB9D2EF2BDD1C0357 /* [CP] Embed Pods Frameworks */ = {
			isa = PBXShellScriptBuildPhase;
			buildActionMask = 2147483647;
			files = (
			);
			inputFileListPaths = (
			);
			inputPaths = (
				"${SRCROOT}/Pods/Target Support Files/Pods-apppresent/Pods-apppresent-frameworks.sh",
				"${BUILT_PRODUCTS_DIR}/CountdownLabel/CountdownLabel.framework",
				"${BUILT_PRODUCTS_DIR}/GTMSessionFetcher/GTMSessionFetcher.framework",
				"${BUILT_PRODUCTS_DIR}/GoogleUtilities/GoogleUtilities.framework",
				"${BUILT_PRODUCTS_DIR}/GravitySliderFlowLayout/GravitySliderFlowLayout.framework",
				"${BUILT_PRODUCTS_DIR}/Kingfisher/Kingfisher.framework",
				"${BUILT_PRODUCTS_DIR}/PKHUD/PKHUD.framework",
				"${BUILT_PRODUCTS_DIR}/Protobuf/Protobuf.framework",
				"${BUILT_PRODUCTS_DIR}/SDWebImage/SDWebImage.framework",
				"${BUILT_PRODUCTS_DIR}/leveldb-library/leveldb.framework",
				"${BUILT_PRODUCTS_DIR}/libwebp/libwebp.framework",
				"${BUILT_PRODUCTS_DIR}/nanopb/nanopb.framework",
			);
			name = "[CP] Embed Pods Frameworks";
			outputFileListPaths = (
			);
			outputPaths = (
				"${TARGET_BUILD_DIR}/${FRAMEWORKS_FOLDER_PATH}/CountdownLabel.framework",
				"${TARGET_BUILD_DIR}/${FRAMEWORKS_FOLDER_PATH}/GTMSessionFetcher.framework",
				"${TARGET_BUILD_DIR}/${FRAMEWORKS_FOLDER_PATH}/GoogleUtilities.framework",
				"${TARGET_BUILD_DIR}/${FRAMEWORKS_FOLDER_PATH}/GravitySliderFlowLayout.framework",
				"${TARGET_BUILD_DIR}/${FRAMEWORKS_FOLDER_PATH}/Kingfisher.framework",
				"${TARGET_BUILD_DIR}/${FRAMEWORKS_FOLDER_PATH}/PKHUD.framework",
				"${TARGET_BUILD_DIR}/${FRAMEWORKS_FOLDER_PATH}/Protobuf.framework",
				"${TARGET_BUILD_DIR}/${FRAMEWORKS_FOLDER_PATH}/SDWebImage.framework",
				"${TARGET_BUILD_DIR}/${FRAMEWORKS_FOLDER_PATH}/leveldb.framework",
				"${TARGET_BUILD_DIR}/${FRAMEWORKS_FOLDER_PATH}/libwebp.framework",
				"${TARGET_BUILD_DIR}/${FRAMEWORKS_FOLDER_PATH}/nanopb.framework",
			);
			runOnlyForDeploymentPostprocessing = 0;
			shellPath = /bin/sh;
			shellScript = "\"${SRCROOT}/Pods/Target Support Files/Pods-apppresent/Pods-apppresent-frameworks.sh\"\n";
			showEnvVarsInLog = 0;
		};
		A6A76994FF1B14DBCFB43A77 /* [CP] Check Pods Manifest.lock */ = {
			isa = PBXShellScriptBuildPhase;
			buildActionMask = 2147483647;
			files = (
			);
			inputFileListPaths = (
			);
			inputPaths = (
				"${PODS_PODFILE_DIR_PATH}/Podfile.lock",
				"${PODS_ROOT}/Manifest.lock",
			);
			name = "[CP] Check Pods Manifest.lock";
			outputFileListPaths = (
			);
			outputPaths = (
				"$(DERIVED_FILE_DIR)/Pods-apppresentTests-checkManifestLockResult.txt",
			);
			runOnlyForDeploymentPostprocessing = 0;
			shellPath = /bin/sh;
			shellScript = "diff \"${PODS_PODFILE_DIR_PATH}/Podfile.lock\" \"${PODS_ROOT}/Manifest.lock\" > /dev/null\nif [ $? != 0 ] ; then\n    # print error to STDERR\n    echo \"error: The sandbox is not in sync with the Podfile.lock. Run 'pod install' or update your CocoaPods installation.\" >&2\n    exit 1\nfi\n# This output is used by Xcode 'outputs' to avoid re-running this script phase.\necho \"SUCCESS\" > \"${SCRIPT_OUTPUT_FILE_0}\"\n";
			showEnvVarsInLog = 0;
		};
		BE2DEFA12671B22D9F81020F /* [CP] Check Pods Manifest.lock */ = {
			isa = PBXShellScriptBuildPhase;
			buildActionMask = 2147483647;
			files = (
			);
			inputFileListPaths = (
			);
			inputPaths = (
				"${PODS_PODFILE_DIR_PATH}/Podfile.lock",
				"${PODS_ROOT}/Manifest.lock",
			);
			name = "[CP] Check Pods Manifest.lock";
			outputFileListPaths = (
			);
			outputPaths = (
				"$(DERIVED_FILE_DIR)/Pods-apppresentUITests-checkManifestLockResult.txt",
			);
			runOnlyForDeploymentPostprocessing = 0;
			shellPath = /bin/sh;
			shellScript = "diff \"${PODS_PODFILE_DIR_PATH}/Podfile.lock\" \"${PODS_ROOT}/Manifest.lock\" > /dev/null\nif [ $? != 0 ] ; then\n    # print error to STDERR\n    echo \"error: The sandbox is not in sync with the Podfile.lock. Run 'pod install' or update your CocoaPods installation.\" >&2\n    exit 1\nfi\n# This output is used by Xcode 'outputs' to avoid re-running this script phase.\necho \"SUCCESS\" > \"${SCRIPT_OUTPUT_FILE_0}\"\n";
			showEnvVarsInLog = 0;
		};
/* End PBXShellScriptBuildPhase section */

/* Begin PBXSourcesBuildPhase section */
		52713E8A21CD2DCB00409294 /* Sources */ = {
			isa = PBXSourcesBuildPhase;
			buildActionMask = 2147483647;
			files = (
				52645CDB21E79E3900413DC1 /* AppNavigationViewController.swift in Sources */,
				52F1DFF922388709002F7A55 /* DateExtension.swift in Sources */,
				5241DC40222FEE3800103C7F /* ReferralPopup.swift in Sources */,
				52F1DFF72238790C002F7A55 /* ReminderViewController.swift in Sources */,
				26C42F6F222D36BD006C5165 /* Colors.swift in Sources */,
				2666C6C02238F3BB0072964A /* GiftController.swift in Sources */,
				528117F421E696EA00AD9E4F /* PostDetail.swift in Sources */,
				52D30D0021DFA912005E3128 /* PostData.swift in Sources */,
				52645CE121E7B15700413DC1 /* InitialNavViewController.swift in Sources */,
				52713E9421CD2DCB00409294 /* LoginViewController.swift in Sources */,
				5241DC2C222C82E700103C7F /* PlaceGiftCell.swift in Sources */,
				26C42F6D222D35EC006C5165 /* UIViewExtension.swift in Sources */,
				52864C7B22466530008E76B2 /* ContributionViewController.swift in Sources */,
				52713E9221CD2DCB00409294 /* AppDelegate.swift in Sources */,
				52D30CFC21DF9BF8005E3128 /* CollectionViewCell.swift in Sources */,
				52645CDD21E79EAD00413DC1 /* AppTabViewController.swift in Sources */,
				2666C6CA2238F4A50072964A /* RewardView.swift in Sources */,
				52A4DB2C21E4CF62008D1110 /* UploadPostViewController.swift in Sources */,
				2666C6C62238F3F00072964A /* Extension.swift in Sources */,
				52FD920321DD01760021B3A0 /* EditProfileViewController.swift in Sources */,
				5250B6AD22403347009C0CB3 /* GiftManager.swift in Sources */,
				52A4DB2A21E4C0D7008D1110 /* postHeaderView.swift in Sources */,
				26C42F85222E501A006C5165 /* knUIMaker.swift in Sources */,
				26C42F71222D36EA006C5165 /* UIColorExtension.swift in Sources */,
				2666C6C42238F3F00072964A /* knStaticListController.swift in Sources */,
				52D30CFE21DFA1B8005E3128 /* CustomImageFlowLayout.swift in Sources */,
				5241DC42222FEFB500103C7F /* KnPopup.swift in Sources */,
				26C42F8A222E5BDE006C5165 /* ProfileHeader.swift in Sources */,
				5250B6B32241734C009C0CB3 /* GiftSpecificCollectionViewCell.swift in Sources */,
				525FC41F22346BC90097135C /* Datasource.swift in Sources */,
				52339EAC2204C35800059075 /* UserData.swift in Sources */,
				52864C7F22467981008E76B2 /* UIImageGif.swift in Sources */,
				5241DC46222FF08100103C7F /* Extensions.swift in Sources */,
				523F617621EFBF58008D8F41 /* Database.swift in Sources */,
				52D893A521CE2D4300FCAA5D /* RegisterDetailVCViewController.swift in Sources */,
				52D6D57C223989420038FC74 /* GiftPopUpViewController.swift in Sources */,
				52C994EC21F63432002DE553 /* PostTableViewCell.swift in Sources */,
				5241DC4A222FF08600103C7F /* knConstraints.swift in Sources */,
				52645CD921E79D7D00413DC1 /* SearchViewController.swift in Sources */,
				523F617821EFC413008D8F41 /* UIImageExtension.swift in Sources */,
				52FD920121DCFB110021B3A0 /* BirthdayPostViewController.swift in Sources */,
				522F1DF721DC05730076FC88 /* ProfilePageViewController.swift in Sources */,
				52645CDF21E7A8B300413DC1 /* Setting.swift in Sources */,
				52339EAE2206025000059075 /* SearchTableViewCell.swift in Sources */,
				5241DC48222FF08300103C7F /* UIMaker.swift in Sources */,
				26C42F73222D379D006C5165 /* UITextFieldExtension.swift in Sources */,
				52864C792246586D008E76B2 /* AddGiftItemViewController.swift in Sources */,
				52645CD721E79D4A00413DC1 /* GiftViewController.swift in Sources */,
				5241DC32222C840900103C7F /* GiftData.swift in Sources */,
				524A4DE822497AE60055F7E6 /* PoolData.swift in Sources */,
				5210CC0021DE192600EE0A79 /* FeedViewController.swift in Sources */,
				2666C6C82238F40C0072964A /* CategoryView.swift in Sources */,
			);
			runOnlyForDeploymentPostprocessing = 0;
		};
		52713E9E21CD2DCD00409294 /* Sources */ = {
			isa = PBXSourcesBuildPhase;
			buildActionMask = 2147483647;
			files = (
				52713EA721CD2DCD00409294 /* apppresentTests.swift in Sources */,
			);
			runOnlyForDeploymentPostprocessing = 0;
		};
		52713EA921CD2DCD00409294 /* Sources */ = {
			isa = PBXSourcesBuildPhase;
			buildActionMask = 2147483647;
			files = (
				52713EB221CD2DCD00409294 /* apppresentUITests.swift in Sources */,
			);
			runOnlyForDeploymentPostprocessing = 0;
		};
/* End PBXSourcesBuildPhase section */

/* Begin PBXTargetDependency section */
		52713EA421CD2DCD00409294 /* PBXTargetDependency */ = {
			isa = PBXTargetDependency;
			target = 52713E8D21CD2DCB00409294 /* apppresent */;
			targetProxy = 52713EA321CD2DCD00409294 /* PBXContainerItemProxy */;
		};
		52713EAF21CD2DCD00409294 /* PBXTargetDependency */ = {
			isa = PBXTargetDependency;
			target = 52713E8D21CD2DCB00409294 /* apppresent */;
			targetProxy = 52713EAE21CD2DCD00409294 /* PBXContainerItemProxy */;
		};
/* End PBXTargetDependency section */

/* Begin PBXVariantGroup section */
		52713E9521CD2DCB00409294 /* Main.storyboard */ = {
			isa = PBXVariantGroup;
			children = (
				52713E9621CD2DCB00409294 /* Base */,
			);
			name = Main.storyboard;
			sourceTree = "<group>";
		};
		52713E9A21CD2DCD00409294 /* LaunchScreen.storyboard */ = {
			isa = PBXVariantGroup;
			children = (
				52713E9B21CD2DCD00409294 /* Base */,
			);
			name = LaunchScreen.storyboard;
			sourceTree = "<group>";
		};
/* End PBXVariantGroup section */

/* Begin XCBuildConfiguration section */
		52713EB421CD2DCE00409294 /* Debug */ = {
			isa = XCBuildConfiguration;
			buildSettings = {
				ALWAYS_SEARCH_USER_PATHS = NO;
				CLANG_ANALYZER_NONNULL = YES;
				CLANG_ANALYZER_NUMBER_OBJECT_CONVERSION = YES_AGGRESSIVE;
				CLANG_CXX_LANGUAGE_STANDARD = "gnu++14";
				CLANG_CXX_LIBRARY = "libc++";
				CLANG_ENABLE_MODULES = YES;
				CLANG_ENABLE_OBJC_ARC = YES;
				CLANG_ENABLE_OBJC_WEAK = YES;
				CLANG_WARN_BLOCK_CAPTURE_AUTORELEASING = YES;
				CLANG_WARN_BOOL_CONVERSION = YES;
				CLANG_WARN_COMMA = YES;
				CLANG_WARN_CONSTANT_CONVERSION = YES;
				CLANG_WARN_DEPRECATED_OBJC_IMPLEMENTATIONS = YES;
				CLANG_WARN_DIRECT_OBJC_ISA_USAGE = YES_ERROR;
				CLANG_WARN_DOCUMENTATION_COMMENTS = YES;
				CLANG_WARN_EMPTY_BODY = YES;
				CLANG_WARN_ENUM_CONVERSION = YES;
				CLANG_WARN_INFINITE_RECURSION = YES;
				CLANG_WARN_INT_CONVERSION = YES;
				CLANG_WARN_NON_LITERAL_NULL_CONVERSION = YES;
				CLANG_WARN_OBJC_IMPLICIT_RETAIN_SELF = YES;
				CLANG_WARN_OBJC_LITERAL_CONVERSION = YES;
				CLANG_WARN_OBJC_ROOT_CLASS = YES_ERROR;
				CLANG_WARN_RANGE_LOOP_ANALYSIS = YES;
				CLANG_WARN_STRICT_PROTOTYPES = YES;
				CLANG_WARN_SUSPICIOUS_MOVE = YES;
				CLANG_WARN_UNGUARDED_AVAILABILITY = YES_AGGRESSIVE;
				CLANG_WARN_UNREACHABLE_CODE = YES;
				CLANG_WARN__DUPLICATE_METHOD_MATCH = YES;
				CODE_SIGN_IDENTITY = "iPhone Developer";
				COPY_PHASE_STRIP = NO;
				DEBUG_INFORMATION_FORMAT = dwarf;
				ENABLE_STRICT_OBJC_MSGSEND = YES;
				ENABLE_TESTABILITY = YES;
				GCC_C_LANGUAGE_STANDARD = gnu11;
				GCC_DYNAMIC_NO_PIC = NO;
				GCC_NO_COMMON_BLOCKS = YES;
				GCC_OPTIMIZATION_LEVEL = 0;
				GCC_PREPROCESSOR_DEFINITIONS = (
					"DEBUG=1",
					"$(inherited)",
				);
				GCC_WARN_64_TO_32_BIT_CONVERSION = YES;
				GCC_WARN_ABOUT_RETURN_TYPE = YES_ERROR;
				GCC_WARN_UNDECLARED_SELECTOR = YES;
				GCC_WARN_UNINITIALIZED_AUTOS = YES_AGGRESSIVE;
				GCC_WARN_UNUSED_FUNCTION = YES;
				GCC_WARN_UNUSED_VARIABLE = YES;
				IPHONEOS_DEPLOYMENT_TARGET = 12.1;
				MTL_ENABLE_DEBUG_INFO = INCLUDE_SOURCE;
				MTL_FAST_MATH = YES;
				ONLY_ACTIVE_ARCH = YES;
				SDKROOT = iphoneos;
				SWIFT_ACTIVE_COMPILATION_CONDITIONS = DEBUG;
				SWIFT_OPTIMIZATION_LEVEL = "-Onone";
			};
			name = Debug;
		};
		52713EB521CD2DCE00409294 /* Release */ = {
			isa = XCBuildConfiguration;
			buildSettings = {
				ALWAYS_SEARCH_USER_PATHS = NO;
				CLANG_ANALYZER_NONNULL = YES;
				CLANG_ANALYZER_NUMBER_OBJECT_CONVERSION = YES_AGGRESSIVE;
				CLANG_CXX_LANGUAGE_STANDARD = "gnu++14";
				CLANG_CXX_LIBRARY = "libc++";
				CLANG_ENABLE_MODULES = YES;
				CLANG_ENABLE_OBJC_ARC = YES;
				CLANG_ENABLE_OBJC_WEAK = YES;
				CLANG_WARN_BLOCK_CAPTURE_AUTORELEASING = YES;
				CLANG_WARN_BOOL_CONVERSION = YES;
				CLANG_WARN_COMMA = YES;
				CLANG_WARN_CONSTANT_CONVERSION = YES;
				CLANG_WARN_DEPRECATED_OBJC_IMPLEMENTATIONS = YES;
				CLANG_WARN_DIRECT_OBJC_ISA_USAGE = YES_ERROR;
				CLANG_WARN_DOCUMENTATION_COMMENTS = YES;
				CLANG_WARN_EMPTY_BODY = YES;
				CLANG_WARN_ENUM_CONVERSION = YES;
				CLANG_WARN_INFINITE_RECURSION = YES;
				CLANG_WARN_INT_CONVERSION = YES;
				CLANG_WARN_NON_LITERAL_NULL_CONVERSION = YES;
				CLANG_WARN_OBJC_IMPLICIT_RETAIN_SELF = YES;
				CLANG_WARN_OBJC_LITERAL_CONVERSION = YES;
				CLANG_WARN_OBJC_ROOT_CLASS = YES_ERROR;
				CLANG_WARN_RANGE_LOOP_ANALYSIS = YES;
				CLANG_WARN_STRICT_PROTOTYPES = YES;
				CLANG_WARN_SUSPICIOUS_MOVE = YES;
				CLANG_WARN_UNGUARDED_AVAILABILITY = YES_AGGRESSIVE;
				CLANG_WARN_UNREACHABLE_CODE = YES;
				CLANG_WARN__DUPLICATE_METHOD_MATCH = YES;
				CODE_SIGN_IDENTITY = "iPhone Developer";
				COPY_PHASE_STRIP = NO;
				DEBUG_INFORMATION_FORMAT = "dwarf-with-dsym";
				ENABLE_NS_ASSERTIONS = NO;
				ENABLE_STRICT_OBJC_MSGSEND = YES;
				GCC_C_LANGUAGE_STANDARD = gnu11;
				GCC_NO_COMMON_BLOCKS = YES;
				GCC_WARN_64_TO_32_BIT_CONVERSION = YES;
				GCC_WARN_ABOUT_RETURN_TYPE = YES_ERROR;
				GCC_WARN_UNDECLARED_SELECTOR = YES;
				GCC_WARN_UNINITIALIZED_AUTOS = YES_AGGRESSIVE;
				GCC_WARN_UNUSED_FUNCTION = YES;
				GCC_WARN_UNUSED_VARIABLE = YES;
				IPHONEOS_DEPLOYMENT_TARGET = 12.1;
				MTL_ENABLE_DEBUG_INFO = NO;
				MTL_FAST_MATH = YES;
				SDKROOT = iphoneos;
				SWIFT_COMPILATION_MODE = wholemodule;
				SWIFT_OPTIMIZATION_LEVEL = "-O";
				VALIDATE_PRODUCT = YES;
			};
			name = Release;
		};
		52713EB721CD2DCE00409294 /* Debug */ = {
			isa = XCBuildConfiguration;
			baseConfigurationReference = D49F1448A7CE97C7CE4B3717 /* Pods-apppresent.debug.xcconfig */;
			buildSettings = {
				ASSETCATALOG_COMPILER_APPICON_NAME = AppIcon;
				CODE_SIGN_ENTITLEMENTS = apppresent/apppresent.entitlements;
				CODE_SIGN_STYLE = Automatic;
				DEVELOPMENT_TEAM = 7YS67UG4FT;
				INFOPLIST_FILE = "$(SRCROOT)/apppresent/New Group/Info.plist";
				LD_RUNPATH_SEARCH_PATHS = (
					"$(inherited)",
					"@executable_path/Frameworks",
				);
				PRODUCT_BUNDLE_IDENTIFIER = com.product.apppresent;
				PRODUCT_NAME = "$(TARGET_NAME)";
				SWIFT_VERSION = 4.2;
				TARGETED_DEVICE_FAMILY = "1,2";
			};
			name = Debug;
		};
		52713EB821CD2DCE00409294 /* Release */ = {
			isa = XCBuildConfiguration;
			baseConfigurationReference = 94BDA1F1EB6C7B3F171114D2 /* Pods-apppresent.release.xcconfig */;
			buildSettings = {
				ASSETCATALOG_COMPILER_APPICON_NAME = AppIcon;
				CODE_SIGN_ENTITLEMENTS = apppresent/apppresent.entitlements;
				CODE_SIGN_STYLE = Automatic;
				DEVELOPMENT_TEAM = 7YS67UG4FT;
				INFOPLIST_FILE = "$(SRCROOT)/apppresent/New Group/Info.plist";
				LD_RUNPATH_SEARCH_PATHS = (
					"$(inherited)",
					"@executable_path/Frameworks",
				);
				PRODUCT_BUNDLE_IDENTIFIER = com.product.apppresent;
				PRODUCT_NAME = "$(TARGET_NAME)";
				SWIFT_VERSION = 4.2;
				TARGETED_DEVICE_FAMILY = "1,2";
			};
			name = Release;
		};
		52713EBA21CD2DCE00409294 /* Debug */ = {
			isa = XCBuildConfiguration;
			baseConfigurationReference = 73A188A30E5DA16646ED68B7 /* Pods-apppresentTests.debug.xcconfig */;
			buildSettings = {
				ALWAYS_EMBED_SWIFT_STANDARD_LIBRARIES = YES;
				BUNDLE_LOADER = "$(TEST_HOST)";
				CODE_SIGN_STYLE = Automatic;
				INFOPLIST_FILE = apppresentTests/Info.plist;
				LD_RUNPATH_SEARCH_PATHS = (
					"$(inherited)",
					"@executable_path/Frameworks",
					"@loader_path/Frameworks",
				);
				PRODUCT_BUNDLE_IDENTIFIER = com.product.apppresentTests;
				PRODUCT_NAME = "$(TARGET_NAME)";
				SWIFT_VERSION = 4.2;
				TARGETED_DEVICE_FAMILY = "1,2";
				TEST_HOST = "$(BUILT_PRODUCTS_DIR)/apppresent.app/apppresent";
			};
			name = Debug;
		};
		52713EBB21CD2DCE00409294 /* Release */ = {
			isa = XCBuildConfiguration;
			baseConfigurationReference = 398C734BC67A1E55B8A6D6AF /* Pods-apppresentTests.release.xcconfig */;
			buildSettings = {
				ALWAYS_EMBED_SWIFT_STANDARD_LIBRARIES = YES;
				BUNDLE_LOADER = "$(TEST_HOST)";
				CODE_SIGN_STYLE = Automatic;
				INFOPLIST_FILE = apppresentTests/Info.plist;
				LD_RUNPATH_SEARCH_PATHS = (
					"$(inherited)",
					"@executable_path/Frameworks",
					"@loader_path/Frameworks",
				);
				PRODUCT_BUNDLE_IDENTIFIER = com.product.apppresentTests;
				PRODUCT_NAME = "$(TARGET_NAME)";
				SWIFT_VERSION = 4.2;
				TARGETED_DEVICE_FAMILY = "1,2";
				TEST_HOST = "$(BUILT_PRODUCTS_DIR)/apppresent.app/apppresent";
			};
			name = Release;
		};
		52713EBD21CD2DCE00409294 /* Debug */ = {
			isa = XCBuildConfiguration;
			baseConfigurationReference = 2F74FD68F7A757B37A81ABD8 /* Pods-apppresentUITests.debug.xcconfig */;
			buildSettings = {
				ALWAYS_EMBED_SWIFT_STANDARD_LIBRARIES = YES;
				CODE_SIGN_STYLE = Automatic;
				INFOPLIST_FILE = apppresentUITests/Info.plist;
				LD_RUNPATH_SEARCH_PATHS = (
					"$(inherited)",
					"@executable_path/Frameworks",
					"@loader_path/Frameworks",
				);
				PRODUCT_BUNDLE_IDENTIFIER = com.product.apppresentUITests;
				PRODUCT_NAME = "$(TARGET_NAME)";
				SWIFT_VERSION = 4.2;
				TARGETED_DEVICE_FAMILY = "1,2";
				TEST_TARGET_NAME = apppresent;
			};
			name = Debug;
		};
		52713EBE21CD2DCE00409294 /* Release */ = {
			isa = XCBuildConfiguration;
			baseConfigurationReference = C500BC6CC3ECE9623B56B30C /* Pods-apppresentUITests.release.xcconfig */;
			buildSettings = {
				ALWAYS_EMBED_SWIFT_STANDARD_LIBRARIES = YES;
				CODE_SIGN_STYLE = Automatic;
				INFOPLIST_FILE = apppresentUITests/Info.plist;
				LD_RUNPATH_SEARCH_PATHS = (
					"$(inherited)",
					"@executable_path/Frameworks",
					"@loader_path/Frameworks",
				);
				PRODUCT_BUNDLE_IDENTIFIER = com.product.apppresentUITests;
				PRODUCT_NAME = "$(TARGET_NAME)";
				SWIFT_VERSION = 4.2;
				TARGETED_DEVICE_FAMILY = "1,2";
				TEST_TARGET_NAME = apppresent;
			};
			name = Release;
		};
/* End XCBuildConfiguration section */

/* Begin XCConfigurationList section */
		52713E8921CD2DCB00409294 /* Build configuration list for PBXProject "apppresent" */ = {
			isa = XCConfigurationList;
			buildConfigurations = (
				52713EB421CD2DCE00409294 /* Debug */,
				52713EB521CD2DCE00409294 /* Release */,
			);
			defaultConfigurationIsVisible = 0;
			defaultConfigurationName = Release;
		};
		52713EB621CD2DCE00409294 /* Build configuration list for PBXNativeTarget "apppresent" */ = {
			isa = XCConfigurationList;
			buildConfigurations = (
				52713EB721CD2DCE00409294 /* Debug */,
				52713EB821CD2DCE00409294 /* Release */,
			);
			defaultConfigurationIsVisible = 0;
			defaultConfigurationName = Release;
		};
		52713EB921CD2DCE00409294 /* Build configuration list for PBXNativeTarget "apppresentTests" */ = {
			isa = XCConfigurationList;
			buildConfigurations = (
				52713EBA21CD2DCE00409294 /* Debug */,
				52713EBB21CD2DCE00409294 /* Release */,
			);
			defaultConfigurationIsVisible = 0;
			defaultConfigurationName = Release;
		};
		52713EBC21CD2DCE00409294 /* Build configuration list for PBXNativeTarget "apppresentUITests" */ = {
			isa = XCConfigurationList;
			buildConfigurations = (
				52713EBD21CD2DCE00409294 /* Debug */,
				52713EBE21CD2DCE00409294 /* Release */,
			);
			defaultConfigurationIsVisible = 0;
			defaultConfigurationName = Release;
		};
/* End XCConfigurationList section */
	};
	rootObject = 52713E8621CD2DCB00409294 /* Project object */;
}
